// !$*UTF8*$!
{
	archiveVersion = 1;
	classes = {
	};
	objectVersion = 46;
	objects = {

/* Begin PBXBuildFile section */
		8E4ECE81FF756D9D60D59050 /* libPods.a in Frameworks */ = {isa = PBXBuildFile; fileRef = 1F39833B1B52168A81FA817B /* libPods.a */; };
		9787CF261A08BF9A00C43F46 /* LauchingViewController.swift in Sources */ = {isa = PBXBuildFile; fileRef = 9787CF251A08BF9A00C43F46 /* LauchingViewController.swift */; };
		9787CF291A08C82E00C43F46 /* NetworkOperation.swift in Sources */ = {isa = PBXBuildFile; fileRef = 9787CF281A08C82E00C43F46 /* NetworkOperation.swift */; };
		9787CF2D1A08DB3100C43F46 /* Constants.swift in Sources */ = {isa = PBXBuildFile; fileRef = 9787CF2C1A08DB3100C43F46 /* Constants.swift */; };
		9787CF2F1A08DBAD00C43F46 /* Credentials.swift in Sources */ = {isa = PBXBuildFile; fileRef = 9787CF2E1A08DBAD00C43F46 /* Credentials.swift */; };
		9787CF311A09E14C00C43F46 /* BookListViewController.swift in Sources */ = {isa = PBXBuildFile; fileRef = 9787CF301A09E14C00C43F46 /* BookListViewController.swift */; };
		9787CF351A09E1A900C43F46 /* Model.xcdatamodeld in Sources */ = {isa = PBXBuildFile; fileRef = 9787CF331A09E1A900C43F46 /* Model.xcdatamodeld */; };
		9787CF401A09E4F600C43F46 /* BookAPIExtension.swift in Sources */ = {isa = PBXBuildFile; fileRef = 9787CF3F1A09E4F600C43F46 /* BookAPIExtension.swift */; };
		9787CF421A09E51900C43F46 /* BookDataExtension.swift in Sources */ = {isa = PBXBuildFile; fileRef = 9787CF411A09E51900C43F46 /* BookDataExtension.swift */; };
		9787CF481A0B0C8900C43F46 /* libc++.dylib in Frameworks */ = {isa = PBXBuildFile; fileRef = 9787CF471A0B0C8900C43F46 /* libc++.dylib */; };
		9787CF511A0B2A0E00C43F46 /* JsonParser.swift in Sources */ = {isa = PBXBuildFile; fileRef = 9787CF501A0B2A0E00C43F46 /* JsonParser.swift */; };
		9787CF531A0B2A2E00C43F46 /* UtilitiyFuncs.swift in Sources */ = {isa = PBXBuildFile; fileRef = 9787CF521A0B2A2E00C43F46 /* UtilitiyFuncs.swift */; };
		9787CF551A0B30B300C43F46 /* NSDateExtenstion.swift in Sources */ = {isa = PBXBuildFile; fileRef = 9787CF541A0B30B300C43F46 /* NSDateExtenstion.swift */; };
		9787CF5A1A0B54FF00C43F46 /* Alamofire.swift in Sources */ = {isa = PBXBuildFile; fileRef = 9787CF591A0B54FF00C43F46 /* Alamofire.swift */; };
		9787CF5D1A0B572D00C43F46 /* Alamofire.framework in Frameworks */ = {isa = PBXBuildFile; fileRef = 9787CF5C1A0B572D00C43F46 /* Alamofire.framework */; };
		9787CF7F1A0B62C600C43F46 /* Book.m in Sources */ = {isa = PBXBuildFile; fileRef = 9787CF7E1A0B62C600C43F46 /* Book.m */; };
		978ACC841A08833B00939DC9 /* AppDelegate.swift in Sources */ = {isa = PBXBuildFile; fileRef = 978ACC831A08833B00939DC9 /* AppDelegate.swift */; };
		978ACC8B1A08833B00939DC9 /* Main.storyboard in Resources */ = {isa = PBXBuildFile; fileRef = 978ACC891A08833B00939DC9 /* Main.storyboard */; };
		978ACC8D1A08833B00939DC9 /* Images.xcassets in Resources */ = {isa = PBXBuildFile; fileRef = 978ACC8C1A08833B00939DC9 /* Images.xcassets */; };
		978ACC901A08833B00939DC9 /* LaunchScreen.xib in Resources */ = {isa = PBXBuildFile; fileRef = 978ACC8E1A08833B00939DC9 /* LaunchScreen.xib */; };
		978ACC9C1A08833B00939DC9 /* BookStoreTests.swift in Sources */ = {isa = PBXBuildFile; fileRef = 978ACC9B1A08833B00939DC9 /* BookStoreTests.swift */; };
/* End PBXBuildFile section */

/* Begin PBXContainerItemProxy section */
		978ACC961A08833B00939DC9 /* PBXContainerItemProxy */ = {
			isa = PBXContainerItemProxy;
			containerPortal = 978ACC761A08833B00939DC9 /* Project object */;
			proxyType = 1;
			remoteGlobalIDString = 978ACC7D1A08833B00939DC9;
			remoteInfo = BookStore;
		};
/* End PBXContainerItemProxy section */

/* Begin PBXCopyFilesBuildPhase section */
		9787CF7C1A0B5A0000C43F46 /* Copy Frameworks */ = {
			isa = PBXCopyFilesBuildPhase;
			buildActionMask = 2147483647;
			dstPath = "";
			dstSubfolderSpec = 7;
			files = (
			);
			name = "Copy Frameworks";
			runOnlyForDeploymentPostprocessing = 0;
		};
/* End PBXCopyFilesBuildPhase section */

/* Begin PBXFileReference section */
		17B0FBEFDD66AFB130F30EE9 /* Pods.debug.xcconfig */ = {isa = PBXFileReference; includeInIndex = 1; lastKnownFileType = text.xcconfig; name = Pods.debug.xcconfig; path = "Pods/Target Support Files/Pods/Pods.debug.xcconfig"; sourceTree = "<group>"; };
		186E62E4EEFEAC77F1DE9AE7 /* Pods.release.xcconfig */ = {isa = PBXFileReference; includeInIndex = 1; lastKnownFileType = text.xcconfig; name = Pods.release.xcconfig; path = "Pods/Target Support Files/Pods/Pods.release.xcconfig"; sourceTree = "<group>"; };
		1F39833B1B52168A81FA817B /* libPods.a */ = {isa = PBXFileReference; explicitFileType = archive.ar; includeInIndex = 0; path = libPods.a; sourceTree = BUILT_PRODUCTS_DIR; };
		9787CF251A08BF9A00C43F46 /* LauchingViewController.swift */ = {isa = PBXFileReference; fileEncoding = 4; lastKnownFileType = sourcecode.swift; path = LauchingViewController.swift; sourceTree = "<group>"; };
		9787CF281A08C82E00C43F46 /* NetworkOperation.swift */ = {isa = PBXFileReference; fileEncoding = 4; lastKnownFileType = sourcecode.swift; path = NetworkOperation.swift; sourceTree = "<group>"; };
		9787CF2A1A08D4A800C43F46 /* BridgingHeaderImport.h */ = {isa = PBXFileReference; lastKnownFileType = sourcecode.c.h; path = BridgingHeaderImport.h; sourceTree = "<group>"; };
		9787CF2C1A08DB3100C43F46 /* Constants.swift */ = {isa = PBXFileReference; fileEncoding = 4; lastKnownFileType = sourcecode.swift; path = Constants.swift; sourceTree = "<group>"; };
		9787CF2E1A08DBAD00C43F46 /* Credentials.swift */ = {isa = PBXFileReference; fileEncoding = 4; lastKnownFileType = sourcecode.swift; path = Credentials.swift; sourceTree = "<group>"; };
		9787CF301A09E14C00C43F46 /* BookListViewController.swift */ = {isa = PBXFileReference; fileEncoding = 4; lastKnownFileType = sourcecode.swift; path = BookListViewController.swift; sourceTree = "<group>"; };
		9787CF341A09E1A900C43F46 /* Model.xcdatamodel */ = {isa = PBXFileReference; lastKnownFileType = wrapper.xcdatamodel; path = Model.xcdatamodel; sourceTree = "<group>"; };
		9787CF3F1A09E4F600C43F46 /* BookAPIExtension.swift */ = {isa = PBXFileReference; fileEncoding = 4; lastKnownFileType = sourcecode.swift; path = BookAPIExtension.swift; sourceTree = "<group>"; };
		9787CF411A09E51900C43F46 /* BookDataExtension.swift */ = {isa = PBXFileReference; fileEncoding = 4; lastKnownFileType = sourcecode.swift; path = BookDataExtension.swift; sourceTree = "<group>"; };
		9787CF471A0B0C8900C43F46 /* libc++.dylib */ = {isa = PBXFileReference; lastKnownFileType = "compiled.mach-o.dylib"; name = "libc++.dylib"; path = "usr/lib/libc++.dylib"; sourceTree = SDKROOT; };
		9787CF501A0B2A0E00C43F46 /* JsonParser.swift */ = {isa = PBXFileReference; fileEncoding = 4; lastKnownFileType = sourcecode.swift; path = JsonParser.swift; sourceTree = "<group>"; };
		9787CF521A0B2A2E00C43F46 /* UtilitiyFuncs.swift */ = {isa = PBXFileReference; fileEncoding = 4; lastKnownFileType = sourcecode.swift; path = UtilitiyFuncs.swift; sourceTree = "<group>"; };
		9787CF541A0B30B300C43F46 /* NSDateExtenstion.swift */ = {isa = PBXFileReference; fileEncoding = 4; lastKnownFileType = sourcecode.swift; path = NSDateExtenstion.swift; sourceTree = "<group>"; };
		9787CF591A0B54FF00C43F46 /* Alamofire.swift */ = {isa = PBXFileReference; fileEncoding = 4; lastKnownFileType = sourcecode.swift; path = Alamofire.swift; sourceTree = "<group>"; };
		9787CF5C1A0B572D00C43F46 /* Alamofire.framework */ = {isa = PBXFileReference; lastKnownFileType = wrapper.framework; path = Alamofire.framework; sourceTree = "<group>"; };
		9787CF5E1A0B577C00C43F46 /* Alamofire.h */ = {isa = PBXFileReference; lastKnownFileType = sourcecode.c.h; path = Alamofire.h; sourceTree = "<group>"; };
		9787CF7D1A0B62C600C43F46 /* Book.h */ = {isa = PBXFileReference; fileEncoding = 4; lastKnownFileType = sourcecode.c.h; path = Book.h; sourceTree = "<group>"; };
		9787CF7E1A0B62C600C43F46 /* Book.m */ = {isa = PBXFileReference; fileEncoding = 4; lastKnownFileType = sourcecode.c.objc; path = Book.m; sourceTree = "<group>"; };
		978ACC7E1A08833B00939DC9 /* BookStore.app */ = {isa = PBXFileReference; explicitFileType = wrapper.application; includeInIndex = 0; path = BookStore.app; sourceTree = BUILT_PRODUCTS_DIR; };
		978ACC821A08833B00939DC9 /* Info.plist */ = {isa = PBXFileReference; lastKnownFileType = text.plist.xml; path = Info.plist; sourceTree = "<group>"; };
		978ACC831A08833B00939DC9 /* AppDelegate.swift */ = {isa = PBXFileReference; lastKnownFileType = sourcecode.swift; path = AppDelegate.swift; sourceTree = "<group>"; };
		978ACC8A1A08833B00939DC9 /* Base */ = {isa = PBXFileReference; lastKnownFileType = file.storyboard; name = Base; path = Base.lproj/Main.storyboard; sourceTree = "<group>"; };
		978ACC8C1A08833B00939DC9 /* Images.xcassets */ = {isa = PBXFileReference; lastKnownFileType = folder.assetcatalog; path = Images.xcassets; sourceTree = "<group>"; };
		978ACC8F1A08833B00939DC9 /* Base */ = {isa = PBXFileReference; lastKnownFileType = file.xib; name = Base; path = Base.lproj/LaunchScreen.xib; sourceTree = "<group>"; };
		978ACC951A08833B00939DC9 /* BookStoreTests.xctest */ = {isa = PBXFileReference; explicitFileType = wrapper.cfbundle; includeInIndex = 0; path = BookStoreTests.xctest; sourceTree = BUILT_PRODUCTS_DIR; };
		978ACC9A1A08833B00939DC9 /* Info.plist */ = {isa = PBXFileReference; lastKnownFileType = text.plist.xml; path = Info.plist; sourceTree = "<group>"; };
		978ACC9B1A08833B00939DC9 /* BookStoreTests.swift */ = {isa = PBXFileReference; lastKnownFileType = sourcecode.swift; path = BookStoreTests.swift; sourceTree = "<group>"; };
/* End PBXFileReference section */

/* Begin PBXFrameworksBuildPhase section */
		978ACC7B1A08833B00939DC9 /* Frameworks */ = {
			isa = PBXFrameworksBuildPhase;
			buildActionMask = 2147483647;
			files = (
				9787CF481A0B0C8900C43F46 /* libc++.dylib in Frameworks */,
				9787CF5D1A0B572D00C43F46 /* Alamofire.framework in Frameworks */,
				8E4ECE81FF756D9D60D59050 /* libPods.a in Frameworks */,
			);
			runOnlyForDeploymentPostprocessing = 0;
		};
		978ACC921A08833B00939DC9 /* Frameworks */ = {
			isa = PBXFrameworksBuildPhase;
			buildActionMask = 2147483647;
			files = (
			);
			runOnlyForDeploymentPostprocessing = 0;
		};
/* End PBXFrameworksBuildPhase section */

/* Begin PBXGroup section */
		339D58E7BED226FBF5219A80 /* Frameworks */ = {
			isa = PBXGroup;
			children = (
				9787CF471A0B0C8900C43F46 /* libc++.dylib */,
				9787CF5C1A0B572D00C43F46 /* Alamofire.framework */,
				1F39833B1B52168A81FA817B /* libPods.a */,
			);
			name = Frameworks;
			sourceTree = "<group>";
		};
		9787CF221A08BEF400C43F46 /* ViewControllers */ = {
			isa = PBXGroup;
			children = (
				9787CF251A08BF9A00C43F46 /* LauchingViewController.swift */,
				9787CF301A09E14C00C43F46 /* BookListViewController.swift */,
			);
			path = ViewControllers;
			sourceTree = "<group>";
		};
		9787CF271A08C80700C43F46 /* Helpers */ = {
			isa = PBXGroup;
			children = (
				9787CF2B1A08DAF800C43F46 /* Constants */,
				9787CF281A08C82E00C43F46 /* NetworkOperation.swift */,
				9787CF2A1A08D4A800C43F46 /* BridgingHeaderImport.h */,
				9787CF5E1A0B577C00C43F46 /* Alamofire.h */,
				9787CF591A0B54FF00C43F46 /* Alamofire.swift */,
			);
			path = Helpers;
			sourceTree = "<group>";
		};
		9787CF2B1A08DAF800C43F46 /* Constants */ = {
			isa = PBXGroup;
			children = (
				9787CF2C1A08DB3100C43F46 /* Constants.swift */,
				9787CF2E1A08DBAD00C43F46 /* Credentials.swift */,
			);
			path = Constants;
			sourceTree = "<group>";
		};
		9787CF321A09E19600C43F46 /* DataModels */ = {
			isa = PBXGroup;
			children = (
				9787CF3A1A09E42D00C43F46 /* DataModels */,
				9787CF3E1A09E45000C43F46 /* ModelSupport */,
				9787CF331A09E1A900C43F46 /* Model.xcdatamodeld */,
			);
			path = DataModels;
			sourceTree = "<group>";
		};
		9787CF361A09E2B000C43F46 /* Utilities */ = {
			isa = PBXGroup;
			children = (
				9787CF501A0B2A0E00C43F46 /* JsonParser.swift */,
				9787CF521A0B2A2E00C43F46 /* UtilitiyFuncs.swift */,
				9787CF541A0B30B300C43F46 /* NSDateExtenstion.swift */,
			);
			path = Utilities;
			sourceTree = "<group>";
		};
		9787CF3A1A09E42D00C43F46 /* DataModels */ = {
			isa = PBXGroup;
			children = (
				9787CF7D1A0B62C600C43F46 /* Book.h */,
				9787CF7E1A0B62C600C43F46 /* Book.m */,
			);
			path = DataModels;
			sourceTree = "<group>";
		};
		9787CF3E1A09E45000C43F46 /* ModelSupport */ = {
			isa = PBXGroup;
			children = (
				9787CF3F1A09E4F600C43F46 /* BookAPIExtension.swift */,
				9787CF411A09E51900C43F46 /* BookDataExtension.swift */,
			);
			path = ModelSupport;
			sourceTree = "<group>";
		};
		978ACC751A08833B00939DC9 = {
			isa = PBXGroup;
			children = (
				978ACC801A08833B00939DC9 /* BookStore */,
				978ACC981A08833B00939DC9 /* BookStoreTests */,
				978ACC7F1A08833B00939DC9 /* Products */,
				FC12D3002CA93B86AD1EA351 /* Pods */,
				339D58E7BED226FBF5219A80 /* Frameworks */,
			);
			sourceTree = "<group>";
		};
		978ACC7F1A08833B00939DC9 /* Products */ = {
			isa = PBXGroup;
			children = (
				978ACC7E1A08833B00939DC9 /* BookStore.app */,
				978ACC951A08833B00939DC9 /* BookStoreTests.xctest */,
			);
			name = Products;
			sourceTree = "<group>";
		};
		978ACC801A08833B00939DC9 /* BookStore */ = {
			isa = PBXGroup;
			children = (
				9787CF361A09E2B000C43F46 /* Utilities */,
				9787CF321A09E19600C43F46 /* DataModels */,
				9787CF271A08C80700C43F46 /* Helpers */,
				9787CF221A08BEF400C43F46 /* ViewControllers */,
				978ACC831A08833B00939DC9 /* AppDelegate.swift */,
				978ACC891A08833B00939DC9 /* Main.storyboard */,
				978ACC8C1A08833B00939DC9 /* Images.xcassets */,
				978ACC8E1A08833B00939DC9 /* LaunchScreen.xib */,
				978ACC811A08833B00939DC9 /* Supporting Files */,
			);
			path = BookStore;
			sourceTree = "<group>";
		};
		978ACC811A08833B00939DC9 /* Supporting Files */ = {
			isa = PBXGroup;
			children = (
				978ACC821A08833B00939DC9 /* Info.plist */,
			);
			name = "Supporting Files";
			sourceTree = "<group>";
		};
		978ACC981A08833B00939DC9 /* BookStoreTests */ = {
			isa = PBXGroup;
			children = (
				978ACC9B1A08833B00939DC9 /* BookStoreTests.swift */,
				978ACC991A08833B00939DC9 /* Supporting Files */,
			);
			path = BookStoreTests;
			sourceTree = "<group>";
		};
		978ACC991A08833B00939DC9 /* Supporting Files */ = {
			isa = PBXGroup;
			children = (
				978ACC9A1A08833B00939DC9 /* Info.plist */,
			);
			name = "Supporting Files";
			sourceTree = "<group>";
		};
		FC12D3002CA93B86AD1EA351 /* Pods */ = {
			isa = PBXGroup;
			children = (
				17B0FBEFDD66AFB130F30EE9 /* Pods.debug.xcconfig */,
				186E62E4EEFEAC77F1DE9AE7 /* Pods.release.xcconfig */,
			);
			name = Pods;
			sourceTree = "<group>";
		};
/* End PBXGroup section */

/* Begin PBXNativeTarget section */
		978ACC7D1A08833B00939DC9 /* BookStore */ = {
			isa = PBXNativeTarget;
			buildConfigurationList = 978ACC9F1A08833B00939DC9 /* Build configuration list for PBXNativeTarget "BookStore" */;
			buildPhases = (
				602EBF55906C684F94AB36A4 /* Check Pods Manifest.lock */,
				978ACC7A1A08833B00939DC9 /* Sources */,
				978ACC7B1A08833B00939DC9 /* Frameworks */,
				978ACC7C1A08833B00939DC9 /* Resources */,
				47C3BD9FA22752EDEC36A8EE /* Copy Pods Resources */,
				9787CF7C1A0B5A0000C43F46 /* Copy Frameworks */,
			);
			buildRules = (
			);
			dependencies = (
			);
			name = BookStore;
			productName = BookStore;
			productReference = 978ACC7E1A08833B00939DC9 /* BookStore.app */;
			productType = "com.apple.product-type.application";
		};
		978ACC941A08833B00939DC9 /* BookStoreTests */ = {
			isa = PBXNativeTarget;
			buildConfigurationList = 978ACCA21A08833B00939DC9 /* Build configuration list for PBXNativeTarget "BookStoreTests" */;
			buildPhases = (
				978ACC911A08833B00939DC9 /* Sources */,
				978ACC921A08833B00939DC9 /* Frameworks */,
				978ACC931A08833B00939DC9 /* Resources */,
			);
			buildRules = (
			);
			dependencies = (
				978ACC971A08833B00939DC9 /* PBXTargetDependency */,
			);
			name = BookStoreTests;
			productName = BookStoreTests;
			productReference = 978ACC951A08833B00939DC9 /* BookStoreTests.xctest */;
			productType = "com.apple.product-type.bundle.unit-test";
		};
/* End PBXNativeTarget section */

/* Begin PBXProject section */
		978ACC761A08833B00939DC9 /* Project object */ = {
			isa = PBXProject;
			attributes = {
				LastUpgradeCheck = 0600;
				ORGANIZATIONNAME = eastagile;
				TargetAttributes = {
					978ACC7D1A08833B00939DC9 = {
						CreatedOnToolsVersion = 6.0;
					};
					978ACC941A08833B00939DC9 = {
						CreatedOnToolsVersion = 6.0;
						TestTargetID = 978ACC7D1A08833B00939DC9;
					};
				};
			};
			buildConfigurationList = 978ACC791A08833B00939DC9 /* Build configuration list for PBXProject "BookStore" */;
			compatibilityVersion = "Xcode 3.2";
			developmentRegion = English;
			hasScannedForEncodings = 0;
			knownRegions = (
				en,
				Base,
			);
			mainGroup = 978ACC751A08833B00939DC9;
			productRefGroup = 978ACC7F1A08833B00939DC9 /* Products */;
			projectDirPath = "";
			projectRoot = "";
			targets = (
				978ACC7D1A08833B00939DC9 /* BookStore */,
				978ACC941A08833B00939DC9 /* BookStoreTests */,
			);
		};
/* End PBXProject section */

/* Begin PBXResourcesBuildPhase section */
		978ACC7C1A08833B00939DC9 /* Resources */ = {
			isa = PBXResourcesBuildPhase;
			buildActionMask = 2147483647;
			files = (
				978ACC8B1A08833B00939DC9 /* Main.storyboard in Resources */,
				978ACC901A08833B00939DC9 /* LaunchScreen.xib in Resources */,
				978ACC8D1A08833B00939DC9 /* Images.xcassets in Resources */,
			);
			runOnlyForDeploymentPostprocessing = 0;
		};
		978ACC931A08833B00939DC9 /* Resources */ = {
			isa = PBXResourcesBuildPhase;
			buildActionMask = 2147483647;
			files = (
			);
			runOnlyForDeploymentPostprocessing = 0;
		};
/* End PBXResourcesBuildPhase section */

/* Begin PBXShellScriptBuildPhase section */
		47C3BD9FA22752EDEC36A8EE /* Copy Pods Resources */ = {
			isa = PBXShellScriptBuildPhase;
			buildActionMask = 2147483647;
			files = (
			);
			inputPaths = (
			);
			name = "Copy Pods Resources";
			outputPaths = (
			);
			runOnlyForDeploymentPostprocessing = 0;
			shellPath = /bin/sh;
			shellScript = "\"${SRCROOT}/Pods/Target Support Files/Pods/Pods-resources.sh\"\n";
			showEnvVarsInLog = 0;
		};
		602EBF55906C684F94AB36A4 /* Check Pods Manifest.lock */ = {
			isa = PBXShellScriptBuildPhase;
			buildActionMask = 2147483647;
			files = (
			);
			inputPaths = (
			);
			name = "Check Pods Manifest.lock";
			outputPaths = (
			);
			runOnlyForDeploymentPostprocessing = 0;
			shellPath = /bin/sh;
			shellScript = "diff \"${PODS_ROOT}/../Podfile.lock\" \"${PODS_ROOT}/Manifest.lock\" > /dev/null\nif [[ $? != 0 ]] ; then\n    cat << EOM\nerror: The sandbox is not in sync with the Podfile.lock. Run 'pod install' or update your CocoaPods installation.\nEOM\n    exit 1\nfi\n";
			showEnvVarsInLog = 0;
		};
/* End PBXShellScriptBuildPhase section */

/* Begin PBXSourcesBuildPhase section */
		978ACC7A1A08833B00939DC9 /* Sources */ = {
			isa = PBXSourcesBuildPhase;
			buildActionMask = 2147483647;
			files = (
				978ACC841A08833B00939DC9 /* AppDelegate.swift in Sources */,
				9787CF291A08C82E00C43F46 /* NetworkOperation.swift in Sources */,
				9787CF531A0B2A2E00C43F46 /* UtilitiyFuncs.swift in Sources */,
				9787CF2F1A08DBAD00C43F46 /* Credentials.swift in Sources */,
				9787CF401A09E4F600C43F46 /* BookAPIExtension.swift in Sources */,
				9787CF5A1A0B54FF00C43F46 /* Alamofire.swift in Sources */,
				9787CF351A09E1A900C43F46 /* Model.xcdatamodeld in Sources */,
				9787CF551A0B30B300C43F46 /* NSDateExtenstion.swift in Sources */,
				9787CF261A08BF9A00C43F46 /* LauchingViewController.swift in Sources */,
				9787CF7F1A0B62C600C43F46 /* Book.m in Sources */,
				9787CF2D1A08DB3100C43F46 /* Constants.swift in Sources */,
				9787CF421A09E51900C43F46 /* BookDataExtension.swift in Sources */,
				9787CF511A0B2A0E00C43F46 /* JsonParser.swift in Sources */,
				9787CF311A09E14C00C43F46 /* BookListViewController.swift in Sources */,
			);
			runOnlyForDeploymentPostprocessing = 0;
		};
		978ACC911A08833B00939DC9 /* Sources */ = {
			isa = PBXSourcesBuildPhase;
			buildActionMask = 2147483647;
			files = (
				978ACC9C1A08833B00939DC9 /* BookStoreTests.swift in Sources */,
			);
			runOnlyForDeploymentPostprocessing = 0;
		};
/* End PBXSourcesBuildPhase section */

/* Begin PBXTargetDependency section */
		978ACC971A08833B00939DC9 /* PBXTargetDependency */ = {
			isa = PBXTargetDependency;
			target = 978ACC7D1A08833B00939DC9 /* BookStore */;
			targetProxy = 978ACC961A08833B00939DC9 /* PBXContainerItemProxy */;
		};
/* End PBXTargetDependency section */

/* Begin PBXVariantGroup section */
		978ACC891A08833B00939DC9 /* Main.storyboard */ = {
			isa = PBXVariantGroup;
			children = (
				978ACC8A1A08833B00939DC9 /* Base */,
			);
			name = Main.storyboard;
			sourceTree = "<group>";
		};
		978ACC8E1A08833B00939DC9 /* LaunchScreen.xib */ = {
			isa = PBXVariantGroup;
			children = (
				978ACC8F1A08833B00939DC9 /* Base */,
			);
			name = LaunchScreen.xib;
			sourceTree = "<group>";
		};
/* End PBXVariantGroup section */

/* Begin XCBuildConfiguration section */
		978ACC9D1A08833B00939DC9 /* Debug */ = {
			isa = XCBuildConfiguration;
			buildSettings = {
				ALWAYS_SEARCH_USER_PATHS = NO;
				CLANG_CXX_LANGUAGE_STANDARD = "gnu++0x";
				CLANG_CXX_LIBRARY = "libc++";
				CLANG_ENABLE_MODULES = YES;
				CLANG_ENABLE_OBJC_ARC = YES;
				CLANG_WARN_BOOL_CONVERSION = YES;
				CLANG_WARN_CONSTANT_CONVERSION = YES;
				CLANG_WARN_DIRECT_OBJC_ISA_USAGE = YES_ERROR;
				CLANG_WARN_EMPTY_BODY = YES;
				CLANG_WARN_ENUM_CONVERSION = YES;
				CLANG_WARN_INT_CONVERSION = YES;
				CLANG_WARN_OBJC_ROOT_CLASS = YES_ERROR;
				CLANG_WARN_UNREACHABLE_CODE = YES;
				CLANG_WARN__DUPLICATE_METHOD_MATCH = YES;
				"CODE_SIGN_IDENTITY[sdk=iphoneos*]" = "iPhone Developer";
				COPY_PHASE_STRIP = NO;
				ENABLE_STRICT_OBJC_MSGSEND = YES;
				GCC_C_LANGUAGE_STANDARD = gnu99;
				GCC_DYNAMIC_NO_PIC = NO;
				GCC_OPTIMIZATION_LEVEL = 0;
				GCC_PREPROCESSOR_DEFINITIONS = (
					"DEBUG=1",
					"$(inherited)",
				);
				GCC_SYMBOLS_PRIVATE_EXTERN = NO;
				GCC_WARN_64_TO_32_BIT_CONVERSION = YES;
				GCC_WARN_ABOUT_RETURN_TYPE = YES_ERROR;
				GCC_WARN_UNDECLARED_SELECTOR = YES;
				GCC_WARN_UNINITIALIZED_AUTOS = YES_AGGRESSIVE;
				GCC_WARN_UNUSED_FUNCTION = YES;
				GCC_WARN_UNUSED_VARIABLE = YES;
				IPHONEOS_DEPLOYMENT_TARGET = 8.0;
				MTL_ENABLE_DEBUG_INFO = YES;
				ONLY_ACTIVE_ARCH = YES;
				SDKROOT = iphoneos;
				SWIFT_OPTIMIZATION_LEVEL = "-Onone";
				TARGETED_DEVICE_FAMILY = 2;
			};
			name = Debug;
		};
		978ACC9E1A08833B00939DC9 /* Release */ = {
			isa = XCBuildConfiguration;
			buildSettings = {
				ALWAYS_SEARCH_USER_PATHS = NO;
				CLANG_CXX_LANGUAGE_STANDARD = "gnu++0x";
				CLANG_CXX_LIBRARY = "libc++";
				CLANG_ENABLE_MODULES = YES;
				CLANG_ENABLE_OBJC_ARC = YES;
				CLANG_WARN_BOOL_CONVERSION = YES;
				CLANG_WARN_CONSTANT_CONVERSION = YES;
				CLANG_WARN_DIRECT_OBJC_ISA_USAGE = YES_ERROR;
				CLANG_WARN_EMPTY_BODY = YES;
				CLANG_WARN_ENUM_CONVERSION = YES;
				CLANG_WARN_INT_CONVERSION = YES;
				CLANG_WARN_OBJC_ROOT_CLASS = YES_ERROR;
				CLANG_WARN_UNREACHABLE_CODE = YES;
				CLANG_WARN__DUPLICATE_METHOD_MATCH = YES;
				"CODE_SIGN_IDENTITY[sdk=iphoneos*]" = "iPhone Developer";
				COPY_PHASE_STRIP = YES;
				ENABLE_NS_ASSERTIONS = NO;
				ENABLE_STRICT_OBJC_MSGSEND = YES;
				GCC_C_LANGUAGE_STANDARD = gnu99;
				GCC_WARN_64_TO_32_BIT_CONVERSION = YES;
				GCC_WARN_ABOUT_RETURN_TYPE = YES_ERROR;
				GCC_WARN_UNDECLARED_SELECTOR = YES;
				GCC_WARN_UNINITIALIZED_AUTOS = YES_AGGRESSIVE;
				GCC_WARN_UNUSED_FUNCTION = YES;
				GCC_WARN_UNUSED_VARIABLE = YES;
				IPHONEOS_DEPLOYMENT_TARGET = 8.0;
				MTL_ENABLE_DEBUG_INFO = NO;
				SDKROOT = iphoneos;
				TARGETED_DEVICE_FAMILY = 2;
				VALIDATE_PRODUCT = YES;
			};
			name = Release;
		};
		978ACCA01A08833B00939DC9 /* Debug */ = {
			isa = XCBuildConfiguration;
			baseConfigurationReference = 17B0FBEFDD66AFB130F30EE9 /* Pods.debug.xcconfig */;
			buildSettings = {
				ASSETCATALOG_COMPILER_APPICON_NAME = AppIcon;
				FRAMEWORK_SEARCH_PATHS = (
					"$(inherited)",
					"$(PROJECT_DIR)",
				);
				INFOPLIST_FILE = BookStore/Info.plist;
				IPHONEOS_DEPLOYMENT_TARGET = 8.0;
				LD_RUNPATH_SEARCH_PATHS = "$(inherited) @executable_path/Frameworks";
				PRODUCT_NAME = "$(TARGET_NAME)";
				SWIFT_OBJC_BRIDGING_HEADER = BookStore/Helpers/BridgingHeaderImport.h;
				TARGETED_DEVICE_FAMILY = 1;
			};
			name = Debug;
		};
		978ACCA11A08833B00939DC9 /* Release */ = {
			isa = XCBuildConfiguration;
			baseConfigurationReference = 186E62E4EEFEAC77F1DE9AE7 /* Pods.release.xcconfig */;
			buildSettings = {
				ASSETCATALOG_COMPILER_APPICON_NAME = AppIcon;
				FRAMEWORK_SEARCH_PATHS = (
					"$(inherited)",
					"$(PROJECT_DIR)",
				);
				INFOPLIST_FILE = BookStore/Info.plist;
				IPHONEOS_DEPLOYMENT_TARGET = 8.0;
				LD_RUNPATH_SEARCH_PATHS = "$(inherited) @executable_path/Frameworks";
				PRODUCT_NAME = "$(TARGET_NAME)";
				SWIFT_OBJC_BRIDGING_HEADER = BookStore/Helpers/BridgingHeaderImport.h;
				TARGETED_DEVICE_FAMILY = 1;
			};
			name = Release;
		};
		978ACCA31A08833B00939DC9 /* Debug */ = {
			isa = XCBuildConfiguration;
			buildSettings = {
				BUNDLE_LOADER = "$(TEST_HOST)";
				FRAMEWORK_SEARCH_PATHS = (
					"$(SDKROOT)/Developer/Library/Frameworks",
					"$(inherited)",
				);
				GCC_PREPROCESSOR_DEFINITIONS = (
					"DEBUG=1",
					"$(inherited)",
				);
				INFOPLIST_FILE = BookStoreTests/Info.plist;
				LD_RUNPATH_SEARCH_PATHS = "$(inherited) @executable_path/Frameworks @loader_path/Frameworks";
				PRODUCT_NAME = "$(TARGET_NAME)";
				TEST_HOST = "$(BUILT_PRODUCTS_DIR)/BookStore.app/BookStore";
			};
			name = Debug;
		};
		978ACCA41A08833B00939DC9 /* Release */ = {
			isa = XCBuildConfiguration;
			buildSettings = {
				BUNDLE_LOADER = "$(TEST_HOST)";
				FRAMEWORK_SEARCH_PATHS = (
					"$(SDKROOT)/Developer/Library/Frameworks",
					"$(inherited)",
				);
				INFOPLIST_FILE = BookStoreTests/Info.plist;
				LD_RUNPATH_SEARCH_PATHS = "$(inherited) @executable_path/Frameworks @loader_path/Frameworks";
				PRODUCT_NAME = "$(TARGET_NAME)";
				TEST_HOST = "$(BUILT_PRODUCTS_DIR)/BookStore.app/BookStore";
			};
			name = Release;
		};
/* End XCBuildConfiguration section */

/* Begin XCConfigurationList section */
		978ACC791A08833B00939DC9 /* Build configuration list for PBXProject "BookStore" */ = {
			isa = XCConfigurationList;
			buildConfigurations = (
				978ACC9D1A08833B00939DC9 /* Debug */,
				978ACC9E1A08833B00939DC9 /* Release */,
			);
			defaultConfigurationIsVisible = 0;
			defaultConfigurationName = Release;
		};
		978ACC9F1A08833B00939DC9 /* Build configuration list for PBXNativeTarget "BookStore" */ = {
			isa = XCConfigurationList;
			buildConfigurations = (
				978ACCA01A08833B00939DC9 /* Debug */,
				978ACCA11A08833B00939DC9 /* Release */,
			);
			defaultConfigurationIsVisible = 0;
			defaultConfigurationName = Release;
		};
		978ACCA21A08833B00939DC9 /* Build configuration list for PBXNativeTarget "BookStoreTests" */ = {
			isa = XCConfigurationList;
			buildConfigurations = (
				978ACCA31A08833B00939DC9 /* Debug */,
				978ACCA41A08833B00939DC9 /* Release */,
			);
			defaultConfigurationIsVisible = 0;
			defaultConfigurationName = Release;
		};
/* End XCConfigurationList section */

/* Begin XCVersionGroup section */
		9787CF331A09E1A900C43F46 /* Model.xcdatamodeld */ = {
			isa = XCVersionGroup;
			children = (
				9787CF341A09E1A900C43F46 /* Model.xcdatamodel */,
			);
			currentVersion = 9787CF341A09E1A900C43F46 /* Model.xcdatamodel */;
			path = Model.xcdatamodeld;
			sourceTree = "<group>";
			versionGroupType = wrapper.xcdatamodel;
		};
/* End XCVersionGroup section */
	};
	rootObject = 978ACC761A08833B00939DC9 /* Project object */;
}
