PODS:
  - ISO8601DateFormatter (0.7)
  - MagicalRecord/Shorthand (2.2)

DEPENDENCIES:
  - ISO8601DateFormatter (~> 0.6)
  - MagicalRecord/Shorthand (~> 2.2)

SPEC CHECKSUMS:
  ISO8601DateFormatter: 59731cd880cf87e71b4fa95f0d6b713dcbc4cbce
  MagicalRecord: 2b471584fc9e3137f3d0a56967917baa4979e224

COCOAPODS: 0.35.0.rc1
